// !$*UTF8*$!
{
	archiveVersion = 1;
	classes = {
	};
	objectVersion = 48;
	objects = {

/* Begin PBXBuildFile section */
		24ED10C41FD7E20400761CE5 /* AppDelegate.swift in Sources */ = {isa = PBXBuildFile; fileRef = 24ED10C31FD7E20400761CE5 /* AppDelegate.swift */; };
		24ED10C61FD7E20400761CE5 /* ViewController.swift in Sources */ = {isa = PBXBuildFile; fileRef = 24ED10C51FD7E20400761CE5 /* ViewController.swift */; };
		24ED10C91FD7E20400761CE5 /* Main.storyboard in Resources */ = {isa = PBXBuildFile; fileRef = 24ED10C71FD7E20400761CE5 /* Main.storyboard */; };
		24ED10CB1FD7E20400761CE5 /* Assets.xcassets in Resources */ = {isa = PBXBuildFile; fileRef = 24ED10CA1FD7E20400761CE5 /* Assets.xcassets */; };
		24ED10CE1FD7E20400761CE5 /* LaunchScreen.storyboard in Resources */ = {isa = PBXBuildFile; fileRef = 24ED10CC1FD7E20400761CE5 /* LaunchScreen.storyboard */; };
		24ED10D91FD7E20500761CE5 /* FastlaneDemoTests.swift in Sources */ = {isa = PBXBuildFile; fileRef = 24ED10D81FD7E20500761CE5 /* FastlaneDemoTests.swift */; };
		24ED10E41FD7E20500761CE5 /* FastlaneDemoUITests.swift in Sources */ = {isa = PBXBuildFile; fileRef = 24ED10E31FD7E20500761CE5 /* FastlaneDemoUITests.swift */; };
/* End PBXBuildFile section */

/* Begin PBXContainerItemProxy section */
		24ED10D51FD7E20500761CE5 /* PBXContainerItemProxy */ = {
			isa = PBXContainerItemProxy;
			containerPortal = 24ED10B81FD7E20400761CE5 /* Project object */;
			proxyType = 1;
			remoteGlobalIDString = 24ED10BF1FD7E20400761CE5;
			remoteInfo = FastlaneDemo;
		};
		24ED10E01FD7E20500761CE5 /* PBXContainerItemProxy */ = {
			isa = PBXContainerItemProxy;
			containerPortal = 24ED10B81FD7E20400761CE5 /* Project object */;
			proxyType = 1;
			remoteGlobalIDString = 24ED10BF1FD7E20400761CE5;
			remoteInfo = FastlaneDemo;
		};
/* End PBXContainerItemProxy section */

/* Begin PBXFileReference section */
		24ED10C01FD7E20400761CE5 /* FastlaneDemo.app */ = {isa = PBXFileReference; explicitFileType = wrapper.application; includeInIndex = 0; path = FastlaneDemo.app; sourceTree = BUILT_PRODUCTS_DIR; };
		24ED10C31FD7E20400761CE5 /* AppDelegate.swift */ = {isa = PBXFileReference; lastKnownFileType = sourcecode.swift; path = AppDelegate.swift; sourceTree = "<group>"; };
		24ED10C51FD7E20400761CE5 /* ViewController.swift */ = {isa = PBXFileReference; lastKnownFileType = sourcecode.swift; path = ViewController.swift; sourceTree = "<group>"; };
		24ED10C81FD7E20400761CE5 /* Base */ = {isa = PBXFileReference; lastKnownFileType = file.storyboard; name = Base; path = Base.lproj/Main.storyboard; sourceTree = "<group>"; };
		24ED10CA1FD7E20400761CE5 /* Assets.xcassets */ = {isa = PBXFileReference; lastKnownFileType = folder.assetcatalog; path = Assets.xcassets; sourceTree = "<group>"; };
		24ED10CD1FD7E20400761CE5 /* Base */ = {isa = PBXFileReference; lastKnownFileType = file.storyboard; name = Base; path = Base.lproj/LaunchScreen.storyboard; sourceTree = "<group>"; };
		24ED10CF1FD7E20500761CE5 /* Info.plist */ = {isa = PBXFileReference; lastKnownFileType = text.plist.xml; path = Info.plist; sourceTree = "<group>"; };
		24ED10D41FD7E20500761CE5 /* FastlaneDemoTests.xctest */ = {isa = PBXFileReference; explicitFileType = wrapper.cfbundle; includeInIndex = 0; path = FastlaneDemoTests.xctest; sourceTree = BUILT_PRODUCTS_DIR; };
		24ED10D81FD7E20500761CE5 /* FastlaneDemoTests.swift */ = {isa = PBXFileReference; lastKnownFileType = sourcecode.swift; path = FastlaneDemoTests.swift; sourceTree = "<group>"; };
		24ED10DA1FD7E20500761CE5 /* Info.plist */ = {isa = PBXFileReference; lastKnownFileType = text.plist.xml; path = Info.plist; sourceTree = "<group>"; };
		24ED10DF1FD7E20500761CE5 /* FastlaneDemoUITests.xctest */ = {isa = PBXFileReference; explicitFileType = wrapper.cfbundle; includeInIndex = 0; path = FastlaneDemoUITests.xctest; sourceTree = BUILT_PRODUCTS_DIR; };
		24ED10E31FD7E20500761CE5 /* FastlaneDemoUITests.swift */ = {isa = PBXFileReference; lastKnownFileType = sourcecode.swift; path = FastlaneDemoUITests.swift; sourceTree = "<group>"; };
		24ED10E51FD7E20500761CE5 /* Info.plist */ = {isa = PBXFileReference; lastKnownFileType = text.plist.xml; path = Info.plist; sourceTree = "<group>"; };
/* End PBXFileReference section */

/* Begin PBXFrameworksBuildPhase section */
		24ED10BD1FD7E20400761CE5 /* Frameworks */ = {
			isa = PBXFrameworksBuildPhase;
			buildActionMask = 2147483647;
			files = (
			);
			runOnlyForDeploymentPostprocessing = 0;
		};
		24ED10D11FD7E20500761CE5 /* Frameworks */ = {
			isa = PBXFrameworksBuildPhase;
			buildActionMask = 2147483647;
			files = (
			);
			runOnlyForDeploymentPostprocessing = 0;
		};
		24ED10DC1FD7E20500761CE5 /* Frameworks */ = {
			isa = PBXFrameworksBuildPhase;
			buildActionMask = 2147483647;
			files = (
			);
			runOnlyForDeploymentPostprocessing = 0;
		};
/* End PBXFrameworksBuildPhase section */

/* Begin PBXGroup section */
		24ED10B71FD7E20400761CE5 = {
			isa = PBXGroup;
			children = (
				24ED10C21FD7E20400761CE5 /* FastlaneDemo */,
				24ED10D71FD7E20500761CE5 /* FastlaneDemoTests */,
				24ED10E21FD7E20500761CE5 /* FastlaneDemoUITests */,
				24ED10C11FD7E20400761CE5 /* Products */,
			);
			sourceTree = "<group>";
		};
		24ED10C11FD7E20400761CE5 /* Products */ = {
			isa = PBXGroup;
			children = (
				24ED10C01FD7E20400761CE5 /* FastlaneDemo.app */,
				24ED10D41FD7E20500761CE5 /* FastlaneDemoTests.xctest */,
				24ED10DF1FD7E20500761CE5 /* FastlaneDemoUITests.xctest */,
			);
			name = Products;
			sourceTree = "<group>";
		};
		24ED10C21FD7E20400761CE5 /* FastlaneDemo */ = {
			isa = PBXGroup;
			children = (
				24ED10C31FD7E20400761CE5 /* AppDelegate.swift */,
				24ED10C51FD7E20400761CE5 /* ViewController.swift */,
				24ED10C71FD7E20400761CE5 /* Main.storyboard */,
				24ED10CA1FD7E20400761CE5 /* Assets.xcassets */,
				24ED10CC1FD7E20400761CE5 /* LaunchScreen.storyboard */,
				24ED10CF1FD7E20500761CE5 /* Info.plist */,
			);
			path = FastlaneDemo;
			sourceTree = "<group>";
		};
		24ED10D71FD7E20500761CE5 /* FastlaneDemoTests */ = {
			isa = PBXGroup;
			children = (
				24ED10D81FD7E20500761CE5 /* FastlaneDemoTests.swift */,
				24ED10DA1FD7E20500761CE5 /* Info.plist */,
			);
			path = FastlaneDemoTests;
			sourceTree = "<group>";
		};
		24ED10E21FD7E20500761CE5 /* FastlaneDemoUITests */ = {
			isa = PBXGroup;
			children = (
				24ED10E31FD7E20500761CE5 /* FastlaneDemoUITests.swift */,
				24ED10E51FD7E20500761CE5 /* Info.plist */,
			);
			path = FastlaneDemoUITests;
			sourceTree = "<group>";
		};
/* End PBXGroup section */

/* Begin PBXNativeTarget section */
		24ED10BF1FD7E20400761CE5 /* FastlaneDemo */ = {
			isa = PBXNativeTarget;
			buildConfigurationList = 24ED10E81FD7E20500761CE5 /* Build configuration list for PBXNativeTarget "FastlaneDemo" */;
			buildPhases = (
				24ED10BC1FD7E20400761CE5 /* Sources */,
				24ED10BD1FD7E20400761CE5 /* Frameworks */,
				24ED10BE1FD7E20400761CE5 /* Resources */,
			);
			buildRules = (
			);
			dependencies = (
			);
			name = FastlaneDemo;
			productName = FastlaneDemo;
			productReference = 24ED10C01FD7E20400761CE5 /* FastlaneDemo.app */;
			productType = "com.apple.product-type.application";
		};
		24ED10D31FD7E20500761CE5 /* FastlaneDemoTests */ = {
			isa = PBXNativeTarget;
			buildConfigurationList = 24ED10EB1FD7E20500761CE5 /* Build configuration list for PBXNativeTarget "FastlaneDemoTests" */;
			buildPhases = (
				24ED10D01FD7E20500761CE5 /* Sources */,
				24ED10D11FD7E20500761CE5 /* Frameworks */,
				24ED10D21FD7E20500761CE5 /* Resources */,
			);
			buildRules = (
			);
			dependencies = (
				24ED10D61FD7E20500761CE5 /* PBXTargetDependency */,
			);
			name = FastlaneDemoTests;
			productName = FastlaneDemoTests;
			productReference = 24ED10D41FD7E20500761CE5 /* FastlaneDemoTests.xctest */;
			productType = "com.apple.product-type.bundle.unit-test";
		};
		24ED10DE1FD7E20500761CE5 /* FastlaneDemoUITests */ = {
			isa = PBXNativeTarget;
			buildConfigurationList = 24ED10EE1FD7E20500761CE5 /* Build configuration list for PBXNativeTarget "FastlaneDemoUITests" */;
			buildPhases = (
				24ED10DB1FD7E20500761CE5 /* Sources */,
				24ED10DC1FD7E20500761CE5 /* Frameworks */,
				24ED10DD1FD7E20500761CE5 /* Resources */,
			);
			buildRules = (
			);
			dependencies = (
				24ED10E11FD7E20500761CE5 /* PBXTargetDependency */,
			);
			name = FastlaneDemoUITests;
			productName = FastlaneDemoUITests;
			productReference = 24ED10DF1FD7E20500761CE5 /* FastlaneDemoUITests.xctest */;
			productType = "com.apple.product-type.bundle.ui-testing";
		};
/* End PBXNativeTarget section */

/* Begin PBXProject section */
		24ED10B81FD7E20400761CE5 /* Project object */ = {
			isa = PBXProject;
			attributes = {
				LastSwiftUpdateCheck = 0910;
				LastUpgradeCheck = 0910;
				ORGANIZATIONNAME = "Priyanka V";
				TargetAttributes = {
					24ED10BF1FD7E20400761CE5 = {
						CreatedOnToolsVersion = 9.1;
						ProvisioningStyle = Manual;
					};
					24ED10D31FD7E20500761CE5 = {
						CreatedOnToolsVersion = 9.1;
						ProvisioningStyle = Automatic;
						TestTargetID = 24ED10BF1FD7E20400761CE5;
					};
					24ED10DE1FD7E20500761CE5 = {
						CreatedOnToolsVersion = 9.1;
						ProvisioningStyle = Automatic;
						TestTargetID = 24ED10BF1FD7E20400761CE5;
					};
				};
			};
			buildConfigurationList = 24ED10BB1FD7E20400761CE5 /* Build configuration list for PBXProject "FastlaneDemo" */;
			compatibilityVersion = "Xcode 8.0";
			developmentRegion = en;
			hasScannedForEncodings = 0;
			knownRegions = (
				en,
				Base,
			);
			mainGroup = 24ED10B71FD7E20400761CE5;
			productRefGroup = 24ED10C11FD7E20400761CE5 /* Products */;
			projectDirPath = "";
			projectRoot = "";
			targets = (
				24ED10BF1FD7E20400761CE5 /* FastlaneDemo */,
				24ED10D31FD7E20500761CE5 /* FastlaneDemoTests */,
				24ED10DE1FD7E20500761CE5 /* FastlaneDemoUITests */,
			);
		};
/* End PBXProject section */

/* Begin PBXResourcesBuildPhase section */
		24ED10BE1FD7E20400761CE5 /* Resources */ = {
			isa = PBXResourcesBuildPhase;
			buildActionMask = 2147483647;
			files = (
				24ED10CE1FD7E20400761CE5 /* LaunchScreen.storyboard in Resources */,
				24ED10CB1FD7E20400761CE5 /* Assets.xcassets in Resources */,
				24ED10C91FD7E20400761CE5 /* Main.storyboard in Resources */,
			);
			runOnlyForDeploymentPostprocessing = 0;
		};
		24ED10D21FD7E20500761CE5 /* Resources */ = {
			isa = PBXResourcesBuildPhase;
			buildActionMask = 2147483647;
			files = (
			);
			runOnlyForDeploymentPostprocessing = 0;
		};
		24ED10DD1FD7E20500761CE5 /* Resources */ = {
			isa = PBXResourcesBuildPhase;
			buildActionMask = 2147483647;
			files = (
			);
			runOnlyForDeploymentPostprocessing = 0;
		};
/* End PBXResourcesBuildPhase section */

/* Begin PBXSourcesBuildPhase section */
		24ED10BC1FD7E20400761CE5 /* Sources */ = {
			isa = PBXSourcesBuildPhase;
			buildActionMask = 2147483647;
			files = (
				24ED10C61FD7E20400761CE5 /* ViewController.swift in Sources */,
				24ED10C41FD7E20400761CE5 /* AppDelegate.swift in Sources */,
			);
			runOnlyForDeploymentPostprocessing = 0;
		};
		24ED10D01FD7E20500761CE5 /* Sources */ = {
			isa = PBXSourcesBuildPhase;
			buildActionMask = 2147483647;
			files = (
				24ED10D91FD7E20500761CE5 /* FastlaneDemoTests.swift in Sources */,
			);
			runOnlyForDeploymentPostprocessing = 0;
		};
		24ED10DB1FD7E20500761CE5 /* Sources */ = {
			isa = PBXSourcesBuildPhase;
			buildActionMask = 2147483647;
			files = (
				24ED10E41FD7E20500761CE5 /* FastlaneDemoUITests.swift in Sources */,
			);
			runOnlyForDeploymentPostprocessing = 0;
		};
/* End PBXSourcesBuildPhase section */

/* Begin PBXTargetDependency section */
		24ED10D61FD7E20500761CE5 /* PBXTargetDependency */ = {
			isa = PBXTargetDependency;
			target = 24ED10BF1FD7E20400761CE5 /* FastlaneDemo */;
			targetProxy = 24ED10D51FD7E20500761CE5 /* PBXContainerItemProxy */;
		};
		24ED10E11FD7E20500761CE5 /* PBXTargetDependency */ = {
			isa = PBXTargetDependency;
			target = 24ED10BF1FD7E20400761CE5 /* FastlaneDemo */;
			targetProxy = 24ED10E01FD7E20500761CE5 /* PBXContainerItemProxy */;
		};
/* End PBXTargetDependency section */

/* Begin PBXVariantGroup section */
		24ED10C71FD7E20400761CE5 /* Main.storyboard */ = {
			isa = PBXVariantGroup;
			children = (
				24ED10C81FD7E20400761CE5 /* Base */,
			);
			name = Main.storyboard;
			sourceTree = "<group>";
		};
		24ED10CC1FD7E20400761CE5 /* LaunchScreen.storyboard */ = {
			isa = PBXVariantGroup;
			children = (
				24ED10CD1FD7E20400761CE5 /* Base */,
			);
			name = LaunchScreen.storyboard;
			sourceTree = "<group>";
		};
/* End PBXVariantGroup section */

/* Begin XCBuildConfiguration section */
		24ED10E61FD7E20500761CE5 /* Debug */ = {
			isa = XCBuildConfiguration;
			buildSettings = {
				ALWAYS_SEARCH_USER_PATHS = NO;
				CLANG_ANALYZER_NONNULL = YES;
				CLANG_ANALYZER_NUMBER_OBJECT_CONVERSION = YES_AGGRESSIVE;
				CLANG_CXX_LANGUAGE_STANDARD = "gnu++14";
				CLANG_CXX_LIBRARY = "libc++";
				CLANG_ENABLE_MODULES = YES;
				CLANG_ENABLE_OBJC_ARC = YES;
				CLANG_WARN_BLOCK_CAPTURE_AUTORELEASING = YES;
				CLANG_WARN_BOOL_CONVERSION = YES;
				CLANG_WARN_COMMA = YES;
				CLANG_WARN_CONSTANT_CONVERSION = YES;
				CLANG_WARN_DIRECT_OBJC_ISA_USAGE = YES_ERROR;
				CLANG_WARN_DOCUMENTATION_COMMENTS = YES;
				CLANG_WARN_EMPTY_BODY = YES;
				CLANG_WARN_ENUM_CONVERSION = YES;
				CLANG_WARN_INFINITE_RECURSION = YES;
				CLANG_WARN_INT_CONVERSION = YES;
				CLANG_WARN_NON_LITERAL_NULL_CONVERSION = YES;
				CLANG_WARN_OBJC_LITERAL_CONVERSION = YES;
				CLANG_WARN_OBJC_ROOT_CLASS = YES_ERROR;
				CLANG_WARN_RANGE_LOOP_ANALYSIS = YES;
				CLANG_WARN_STRICT_PROTOTYPES = YES;
				CLANG_WARN_SUSPICIOUS_MOVE = YES;
				CLANG_WARN_UNGUARDED_AVAILABILITY = YES_AGGRESSIVE;
				CLANG_WARN_UNREACHABLE_CODE = YES;
				CLANG_WARN__DUPLICATE_METHOD_MATCH = YES;
				CODE_SIGN_IDENTITY = "iPhone Developer";
				COPY_PHASE_STRIP = NO;
				DEBUG_INFORMATION_FORMAT = dwarf;
				ENABLE_STRICT_OBJC_MSGSEND = YES;
				ENABLE_TESTABILITY = YES;
				GCC_C_LANGUAGE_STANDARD = gnu11;
				GCC_DYNAMIC_NO_PIC = NO;
				GCC_NO_COMMON_BLOCKS = YES;
				GCC_OPTIMIZATION_LEVEL = 0;
				GCC_PREPROCESSOR_DEFINITIONS = (
					"DEBUG=1",
					"$(inherited)",
				);
				GCC_WARN_64_TO_32_BIT_CONVERSION = YES;
				GCC_WARN_ABOUT_RETURN_TYPE = YES_ERROR;
				GCC_WARN_UNDECLARED_SELECTOR = YES;
				GCC_WARN_UNINITIALIZED_AUTOS = YES_AGGRESSIVE;
				GCC_WARN_UNUSED_FUNCTION = YES;
				GCC_WARN_UNUSED_VARIABLE = YES;
				IPHONEOS_DEPLOYMENT_TARGET = 11.1;
				MTL_ENABLE_DEBUG_INFO = YES;
				ONLY_ACTIVE_ARCH = YES;
				SDKROOT = iphoneos;
				SWIFT_ACTIVE_COMPILATION_CONDITIONS = DEBUG;
				SWIFT_OPTIMIZATION_LEVEL = "-Onone";
			};
			name = Debug;
		};
		24ED10E71FD7E20500761CE5 /* Release */ = {
			isa = XCBuildConfiguration;
			buildSettings = {
				ALWAYS_SEARCH_USER_PATHS = NO;
				CLANG_ANALYZER_NONNULL = YES;
				CLANG_ANALYZER_NUMBER_OBJECT_CONVERSION = YES_AGGRESSIVE;
				CLANG_CXX_LANGUAGE_STANDARD = "gnu++14";
				CLANG_CXX_LIBRARY = "libc++";
				CLANG_ENABLE_MODULES = YES;
				CLANG_ENABLE_OBJC_ARC = YES;
				CLANG_WARN_BLOCK_CAPTURE_AUTORELEASING = YES;
				CLANG_WARN_BOOL_CONVERSION = YES;
				CLANG_WARN_COMMA = YES;
				CLANG_WARN_CONSTANT_CONVERSION = YES;
				CLANG_WARN_DIRECT_OBJC_ISA_USAGE = YES_ERROR;
				CLANG_WARN_DOCUMENTATION_COMMENTS = YES;
				CLANG_WARN_EMPTY_BODY = YES;
				CLANG_WARN_ENUM_CONVERSION = YES;
				CLANG_WARN_INFINITE_RECURSION = YES;
				CLANG_WARN_INT_CONVERSION = YES;
				CLANG_WARN_NON_LITERAL_NULL_CONVERSION = YES;
				CLANG_WARN_OBJC_LITERAL_CONVERSION = YES;
				CLANG_WARN_OBJC_ROOT_CLASS = YES_ERROR;
				CLANG_WARN_RANGE_LOOP_ANALYSIS = YES;
				CLANG_WARN_STRICT_PROTOTYPES = YES;
				CLANG_WARN_SUSPICIOUS_MOVE = YES;
				CLANG_WARN_UNGUARDED_AVAILABILITY = YES_AGGRESSIVE;
				CLANG_WARN_UNREACHABLE_CODE = YES;
				CLANG_WARN__DUPLICATE_METHOD_MATCH = YES;
				CODE_SIGN_IDENTITY = "iPhone Developer";
				COPY_PHASE_STRIP = NO;
				DEBUG_INFORMATION_FORMAT = "dwarf-with-dsym";
				ENABLE_NS_ASSERTIONS = NO;
				ENABLE_STRICT_OBJC_MSGSEND = YES;
				GCC_C_LANGUAGE_STANDARD = gnu11;
				GCC_NO_COMMON_BLOCKS = YES;
				GCC_WARN_64_TO_32_BIT_CONVERSION = YES;
				GCC_WARN_ABOUT_RETURN_TYPE = YES_ERROR;
				GCC_WARN_UNDECLARED_SELECTOR = YES;
				GCC_WARN_UNINITIALIZED_AUTOS = YES_AGGRESSIVE;
				GCC_WARN_UNUSED_FUNCTION = YES;
				GCC_WARN_UNUSED_VARIABLE = YES;
				IPHONEOS_DEPLOYMENT_TARGET = 11.1;
				MTL_ENABLE_DEBUG_INFO = NO;
				SDKROOT = iphoneos;
				SWIFT_OPTIMIZATION_LEVEL = "-Owholemodule";
				VALIDATE_PRODUCT = YES;
			};
			name = Release;
		};
		24ED10E91FD7E20500761CE5 /* Debug */ = {
			isa = XCBuildConfiguration;
			buildSettings = {
				ASSETCATALOG_COMPILER_APPICON_NAME = AppIcon;
				CODE_SIGN_IDENTITY = "iPhone Distribution: Cabot Technology Solutions Private Limited (DBD2DBFKN6)";
				"CODE_SIGN_IDENTITY[sdk=iphoneos*]" = "iPhone Distribution: Cabot Technology Solutions Private Limited (DBD2DBFKN6)";
				CODE_SIGN_STYLE = Manual;
				DEVELOPMENT_TEAM = DBD2DBFKN6;
				INFOPLIST_FILE = FastlaneDemo/Info.plist;
				LD_RUNPATH_SEARCH_PATHS = "$(inherited) @executable_path/Frameworks";
				PRODUCT_BUNDLE_IDENTIFIER = com.cabot.fastlanedemo;
				PRODUCT_NAME = "$(TARGET_NAME)";
				PROVISIONING_PROFILE = "f92eb68e-8d14-4f32-a0b2-bc3471fae4ae";
				PROVISIONING_PROFILE_SPECIFIER = FastlaneDemoDistribution;
				SWIFT_VERSION = 4.0;
				TARGETED_DEVICE_FAMILY = "1,2";
			};
			name = Debug;
		};
		24ED10EA1FD7E20500761CE5 /* Release */ = {
			isa = XCBuildConfiguration;
			buildSettings = {
				ASSETCATALOG_COMPILER_APPICON_NAME = AppIcon;
				CODE_SIGN_IDENTITY = "iPhone Distribution: Cabot Technology Solutions Private Limited (DBD2DBFKN6)";
				"CODE_SIGN_IDENTITY[sdk=iphoneos*]" = "iPhone Distribution: Cabot Technology Solutions Private Limited (DBD2DBFKN6)";
				CODE_SIGN_STYLE = Manual;
				DEVELOPMENT_TEAM = DBD2DBFKN6;
				INFOPLIST_FILE = FastlaneDemo/Info.plist;
				LD_RUNPATH_SEARCH_PATHS = "$(inherited) @executable_path/Frameworks";
				PRODUCT_BUNDLE_IDENTIFIER = com.cabot.fastlanedemo;
				PRODUCT_NAME = "$(TARGET_NAME)";
				PROVISIONING_PROFILE = "b27e7722-2d0a-419c-bd00-bd8a2532270c";
				PROVISIONING_PROFILE_SPECIFIER = FastlaneDemoDistribution;
				SWIFT_VERSION = 4.0;
				TARGETED_DEVICE_FAMILY = "1,2";
			};
			name = Release;
		};
		24ED10EC1FD7E20500761CE5 /* Debug */ = {
			isa = XCBuildConfiguration;
			buildSettings = {
				ALWAYS_EMBED_SWIFT_STANDARD_LIBRARIES = YES;
				BUNDLE_LOADER = "$(TEST_HOST)";
				CODE_SIGN_STYLE = Automatic;
				DEVELOPMENT_TEAM = DBD2DBFKN6;
				INFOPLIST_FILE = FastlaneDemoTests/Info.plist;
				LD_RUNPATH_SEARCH_PATHS = "$(inherited) @executable_path/Frameworks @loader_path/Frameworks";
				PRODUCT_BUNDLE_IDENTIFIER = com.cabot.FastlaneDemoTests;
				PRODUCT_NAME = "$(TARGET_NAME)";
				SWIFT_VERSION = 4.0;
				TARGETED_DEVICE_FAMILY = "1,2";
				TEST_HOST = "$(BUILT_PRODUCTS_DIR)/FastlaneDemo.app/FastlaneDemo";
			};
			name = Debug;
		};
		24ED10ED1FD7E20500761CE5 /* Release */ = {
			isa = XCBuildConfiguration;
			buildSettings = {
				ALWAYS_EMBED_SWIFT_STANDARD_LIBRARIES = YES;
				BUNDLE_LOADER = "$(TEST_HOST)";
				CODE_SIGN_STYLE = Automatic;
				DEVELOPMENT_TEAM = DBD2DBFKN6;
				INFOPLIST_FILE = FastlaneDemoTests/Info.plist;
				LD_RUNPATH_SEARCH_PATHS = "$(inherited) @executable_path/Frameworks @loader_path/Frameworks";
				PRODUCT_BUNDLE_IDENTIFIER = com.cabot.FastlaneDemoTests;
				PRODUCT_NAME = "$(TARGET_NAME)";
				SWIFT_VERSION = 4.0;
				TARGETED_DEVICE_FAMILY = "1,2";
				TEST_HOST = "$(BUILT_PRODUCTS_DIR)/FastlaneDemo.app/FastlaneDemo";
			};
			name = Release;
		};
		24ED10EF1FD7E20500761CE5 /* Debug */ = {
			isa = XCBuildConfiguration;
			buildSettings = {
				ALWAYS_EMBED_SWIFT_STANDARD_LIBRARIES = YES;
				CODE_SIGN_STYLE = Automatic;
				DEVELOPMENT_TEAM = DBD2DBFKN6;
				INFOPLIST_FILE = FastlaneDemoUITests/Info.plist;
				LD_RUNPATH_SEARCH_PATHS = "$(inherited) @executable_path/Frameworks @loader_path/Frameworks";
				PRODUCT_BUNDLE_IDENTIFIER = com.cabot.FastlaneDemoUITests;
				PRODUCT_NAME = "$(TARGET_NAME)";
				SWIFT_VERSION = 4.0;
				TARGETED_DEVICE_FAMILY = "1,2";
				TEST_TARGET_NAME = FastlaneDemo;
			};
			name = Debug;
		};
		24ED10F01FD7E20500761CE5 /* Release */ = {
			isa = XCBuildConfiguration;
			buildSettings = {
				ALWAYS_EMBED_SWIFT_STANDARD_LIBRARIES = YES;
				CODE_SIGN_STYLE = Automatic;
				DEVELOPMENT_TEAM = DBD2DBFKN6;
				INFOPLIST_FILE = FastlaneDemoUITests/Info.plist;
				LD_RUNPATH_SEARCH_PATHS = "$(inherited) @executable_path/Frameworks @loader_path/Frameworks";
				PRODUCT_BUNDLE_IDENTIFIER = com.cabot.FastlaneDemoUITests;
				PRODUCT_NAME = "$(TARGET_NAME)";
				SWIFT_VERSION = 4.0;
				TARGETED_DEVICE_FAMILY = "1,2";
				TEST_TARGET_NAME = FastlaneDemo;
			};
			name = Release;
		};
/* End XCBuildConfiguration section */

/* Begin XCConfigurationList section */
		24ED10BB1FD7E20400761CE5 /* Build configuration list for PBXProject "FastlaneDemo" */ = {
			isa = XCConfigurationList;
			buildConfigurations = (
				24ED10E61FD7E20500761CE5 /* Debug */,
				24ED10E71FD7E20500761CE5 /* Release */,
			);
			defaultConfigurationIsVisible = 0;
			defaultConfigurationName = Release;
		};
		24ED10E81FD7E20500761CE5 /* Build configuration list for PBXNativeTarget "FastlaneDemo" */ = {
			isa = XCConfigurationList;
			buildConfigurations = (
				24ED10E91FD7E20500761CE5 /* Debug */,
				24ED10EA1FD7E20500761CE5 /* Release */,
			);
			defaultConfigurationIsVisible = 0;
			defaultConfigurationName = Release;
		};
		24ED10EB1FD7E20500761CE5 /* Build configuration list for PBXNativeTarget "FastlaneDemoTests" */ = {
			isa = XCConfigurationList;
			buildConfigurations = (
				24ED10EC1FD7E20500761CE5 /* Debug */,
				24ED10ED1FD7E20500761CE5 /* Release */,
			);
			defaultConfigurationIsVisible = 0;
			defaultConfigurationName = Release;
		};
		24ED10EE1FD7E20500761CE5 /* Build configuration list for PBXNativeTarget "FastlaneDemoUITests" */ = {
			isa = XCConfigurationList;
			buildConfigurations = (
				24ED10EF1FD7E20500761CE5 /* Debug */,
				24ED10F01FD7E20500761CE5 /* Release */,
			);
			defaultConfigurationIsVisible = 0;
			defaultConfigurationName = Release;
		};
/* End XCConfigurationList section */
	};
	rootObject = 24ED10B81FD7E20400761CE5 /* Project object */;
}
